
Microsoft Visual Studio Solution File, Format Version 12.00
# Visual Studio Version 17
VisualStudioVersion = 17.0.31903.59
MinimumVisualStudioVersion = 10.0.40219.1
Project("{9A19103F-16F7-4668-BE54-9A1E7A4F7556}") = "Ecommerce.API", "Ecommerce.API\Ecommerce.API.csproj", "{2CC6FAFC-9FB8-49F4-B84E-67198EB4D5BA}"
EndProject
Project("{9A19103F-16F7-4668-BE54-9A1E7A4F7556}") = "Ecommerce.Domain", "Ecommerce.Domain\Ecommerce.Domain.csproj", "{5BF71AFF-DD56-42A0-AD06-2E6FDD6161BE}"
EndProject
Project("{9A19103F-16F7-4668-BE54-9A1E7A4F7556}") = "Ecommerce.Service", "Ecommerce.Service\Ecommerce.Service.csproj", "{58595038-11CE-4434-8B64-038192FFDCF9}"
EndProject
Project("{9A19103F-16F7-4668-BE54-9A1E7A4F7556}") = "Ecommerce.Presentation", "Ecommerce.Presentation\Ecommerce.Presentation.csproj", "{4E541568-DFD7-442D-98DE-6463EFCC70D3}"
EndProject
Project("{9A19103F-16F7-4668-BE54-9A1E7A4F7556}") = "Ecommerce.LoggerService", "Ecommerce.LoggerService\Ecommerce.LoggerService.csproj", "{61D8770C-2E9F-44CE-A31F-E190C3CEB627}"
EndProject
Project("{9A19103F-16F7-4668-BE54-9A1E7A4F7556}") = "Ecommerce.Shared", "Ecommerce.Shared\Ecommerce.Shared.csproj", "{B89580F3-B6EE-4C58-80F8-3C3E66DC1DDA}"
EndProject
Project("{9A19103F-16F7-4668-BE54-9A1E7A4F7556}") = "Ecommerce.Presentation.Infrastructure", "Ecommerce.Presentation.Infrastructure\Ecommerce.Presentation.Infrastructure.csproj", "{45830102-0222-4650-B747-8C03BC740008}"
EndProject
Project("{9A19103F-16F7-4668-BE54-9A1E7A4F7556}") = "Ecommerce.Service.Contract", "Ecommerce.Service.Contract\Ecommerce.Service.Contract.csproj", "{656B5B59-6D5C-4C25-8D2C-61C7FDB4B5F1}"
EndProject
Project("{9A19103F-16F7-4668-BE54-9A1E7A4F7556}") = "Ecommerce.OpenAPI.Auth", "Ecommerce.OpenAPI.Auth\Ecommerce.OpenAPI.Auth.csproj", "{0F3255E4-E30A-4FA9-B96B-7B4C56DCB4D5}"
EndProject
Project("{2150E333-8FDC-42A3-9474-1A3956D46DE8}") = "Solution Items", "Solution Items", "{235C6566-AAB3-43F7-9DF8-FFCAC5888B8E}"
	ProjectSection(SolutionItems) = preProject
		.editorconfig = .editorconfig
	EndProjectSection
EndProject
Project("{FAE04EC0-301F-11D3-BF4B-00C04F79EFBC}") = "Ecommerce.IdentityServer", "Ecommerce.IdentityServer\Ecommerce.IdentityServer.csproj", "{B48E9A6A-F1CB-4335-A9AA-5CFF7CDDAD89}"
EndProject
Global
	GlobalSection(SolutionConfigurationPlatforms) = preSolution
		Debug|Any CPU = Debug|Any CPU
		Release|Any CPU = Release|Any CPU
	EndGlobalSection
	GlobalSection(ProjectConfigurationPlatforms) = postSolution
		{2CC6FAFC-9FB8-49F4-B84E-67198EB4D5BA}.Debug|Any CPU.ActiveCfg = Debug|Any CPU
		{2CC6FAFC-9FB8-49F4-B84E-67198EB4D5BA}.Debug|Any CPU.Build.0 = Debug|Any CPU
		{2CC6FAFC-9FB8-49F4-B84E-67198EB4D5BA}.Release|Any CPU.ActiveCfg = Release|Any CPU
		{2CC6FAFC-9FB8-49F4-B84E-67198EB4D5BA}.Release|Any CPU.Build.0 = Release|Any CPU
		{5BF71AFF-DD56-42A0-AD06-2E6FDD6161BE}.Debug|Any CPU.ActiveCfg = Debug|Any CPU
		{5BF71AFF-DD56-42A0-AD06-2E6FDD6161BE}.Debug|Any CPU.Build.0 = Debug|Any CPU
		{5BF71AFF-DD56-42A0-AD06-2E6FDD6161BE}.Release|Any CPU.ActiveCfg = Release|Any CPU
		{5BF71AFF-DD56-42A0-AD06-2E6FDD6161BE}.Release|Any CPU.Build.0 = Release|Any CPU
		{58595038-11CE-4434-8B64-038192FFDCF9}.Debug|Any CPU.ActiveCfg = Debug|Any CPU
		{58595038-11CE-4434-8B64-038192FFDCF9}.Debug|Any CPU.Build.0 = Debug|Any CPU
		{58595038-11CE-4434-8B64-038192FFDCF9}.Release|Any CPU.ActiveCfg = Release|Any CPU
		{58595038-11CE-4434-8B64-038192FFDCF9}.Release|Any CPU.Build.0 = Release|Any CPU
		{4E541568-DFD7-442D-98DE-6463EFCC70D3}.Debug|Any CPU.ActiveCfg = Debug|Any CPU
		{4E541568-DFD7-442D-98DE-6463EFCC70D3}.Debug|Any CPU.Build.0 = Debug|Any CPU
		{4E541568-DFD7-442D-98DE-6463EFCC70D3}.Release|Any CPU.ActiveCfg = Release|Any CPU
		{4E541568-DFD7-442D-98DE-6463EFCC70D3}.Release|Any CPU.Build.0 = Release|Any CPU
		{61D8770C-2E9F-44CE-A31F-E190C3CEB627}.Debug|Any CPU.ActiveCfg = Debug|Any CPU
		{61D8770C-2E9F-44CE-A31F-E190C3CEB627}.Debug|Any CPU.Build.0 = Debug|Any CPU
		{61D8770C-2E9F-44CE-A31F-E190C3CEB627}.Release|Any CPU.ActiveCfg = Release|Any CPU
		{61D8770C-2E9F-44CE-A31F-E190C3CEB627}.Release|Any CPU.Build.0 = Release|Any CPU
		{B89580F3-B6EE-4C58-80F8-3C3E66DC1DDA}.Debug|Any CPU.ActiveCfg = Debug|Any CPU
		{B89580F3-B6EE-4C58-80F8-3C3E66DC1DDA}.Debug|Any CPU.Build.0 = Debug|Any CPU
		{B89580F3-B6EE-4C58-80F8-3C3E66DC1DDA}.Release|Any CPU.ActiveCfg = Release|Any CPU
		{B89580F3-B6EE-4C58-80F8-3C3E66DC1DDA}.Release|Any CPU.Build.0 = Release|Any CPU
		{45830102-0222-4650-B747-8C03BC740008}.Debug|Any CPU.ActiveCfg = Debug|Any CPU
		{45830102-0222-4650-B747-8C03BC740008}.Debug|Any CPU.Build.0 = Debug|Any CPU
		{45830102-0222-4650-B747-8C03BC740008}.Release|Any CPU.ActiveCfg = Release|Any CPU
		{45830102-0222-4650-B747-8C03BC740008}.Release|Any CPU.Build.0 = Release|Any CPU
		{656B5B59-6D5C-4C25-8D2C-61C7FDB4B5F1}.Debug|Any CPU.ActiveCfg = Debug|Any CPU
		{656B5B59-6D5C-4C25-8D2C-61C7FDB4B5F1}.Debug|Any CPU.Build.0 = Debug|Any CPU
		{656B5B59-6D5C-4C25-8D2C-61C7FDB4B5F1}.Release|Any CPU.ActiveCfg = Release|Any CPU
		{656B5B59-6D5C-4C25-8D2C-61C7FDB4B5F1}.Release|Any CPU.Build.0 = Release|Any CPU
		{0F3255E4-E30A-4FA9-B96B-7B4C56DCB4D5}.Debug|Any CPU.ActiveCfg = Debug|Any CPU
		{0F3255E4-E30A-4FA9-B96B-7B4C56DCB4D5}.Debug|Any CPU.Build.0 = Debug|Any CPU
		{0F3255E4-E30A-4FA9-B96B-7B4C56DCB4D5}.Release|Any CPU.ActiveCfg = Release|Any CPU
		{0F3255E4-E30A-4FA9-B96B-7B4C56DCB4D5}.Release|Any CPU.Build.0 = Release|Any CPU
		{B48E9A6A-F1CB-4335-A9AA-5CFF7CDDAD89}.Debug|Any CPU.ActiveCfg = Debug|Any CPU
		{B48E9A6A-F1CB-4335-A9AA-5CFF7CDDAD89}.Debug|Any CPU.Build.0 = Debug|Any CPU
		{B48E9A6A-F1CB-4335-A9AA-5CFF7CDDAD89}.Release|Any CPU.ActiveCfg = Release|Any CPU
		{B48E9A6A-F1CB-4335-A9AA-5CFF7CDDAD89}.Release|Any CPU.Build.0 = Release|Any CPU
	EndGlobalSection
	GlobalSection(SolutionProperties) = preSolution
		HideSolutionNode = FALSE
	EndGlobalSection
	GlobalSection(ExtensibilityGlobals) = postSolution
		SolutionGuid = {6EF190CD-0202-43AD-B60A-F4094FCE6456}
	EndGlobalSection
EndGlobal
